{
  "name": "agscher",
  "lockfileVersion": 3,
  "requires": true,
  "packages": {
    "": {
      "dependencies": {
        "@types/google-translate-api": "^2.3.5"
      }
    },
    "node_modules/@types/google-translate-api": {
      "version": "2.3.5",
      "resolved": "https://registry.npmjs.org/@types/google-translate-api/-/google-translate-api-2.3.5.tgz",
      "integrity": "sha512-uW3fdwTrZXktEitB9DojKP7G8K1R7XqravOJLSDrHvnOZTAZ9oEvP4l27i84X+F0FkPfgzLICIX9zYfVjuMtew==",
      "license": "MIT"
    }
  }
}
